
Microsoft Visual Studio Solution File, Format Version 12.00
# Visual Studio 15
VisualStudioVersion = 15.0.27428.2002
MinimumVisualStudioVersion = 10.0.40219.1
Project("{FAE04EC0-301F-11D3-BF4B-00C04F79EFBC}") = "eBooksDT", "eBooksDT\eBooksDT.csproj", "{66A54CF3-6639-4093-84A1-3C4ED6079747}"
EndProject
Project("{FAE04EC0-301F-11D3-BF4B-00C04F79EFBC}") = "eBooksDT.Core", "eBooksDT.Core\eBooksDT.Core.csproj", "{94767FC4-78F3-47D7-B895-2B30D306384B}"
EndProject
Project("{FAE04EC0-301F-11D3-BF4B-00C04F79EFBC}") = "eBooksDT.Droid", "eBooksDT.Droid\eBooksDT.Droid.csproj", "{52044E72-2116-4579-B9D5-734A3C153F89}"
EndProject
Global
	GlobalSection(SolutionConfigurationPlatforms) = preSolution
		Debug|Any CPU = Debug|Any CPU
		Debug|x64 = Debug|x64
		Release|Any CPU = Release|Any CPU
		Release|x64 = Release|x64
	EndGlobalSection
	GlobalSection(ProjectConfigurationPlatforms) = postSolution
		{66A54CF3-6639-4093-84A1-3C4ED6079747}.Debug|Any CPU.ActiveCfg = Debug|Any CPU
		{66A54CF3-6639-4093-84A1-3C4ED6079747}.Debug|Any CPU.Build.0 = Debug|Any CPU
		{66A54CF3-6639-4093-84A1-3C4ED6079747}.Debug|x64.ActiveCfg = Debug|Any CPU
		{66A54CF3-6639-4093-84A1-3C4ED6079747}.Debug|x64.Build.0 = Debug|Any CPU
		{66A54CF3-6639-4093-84A1-3C4ED6079747}.Release|Any CPU.ActiveCfg = Release|Any CPU
		{66A54CF3-6639-4093-84A1-3C4ED6079747}.Release|Any CPU.Build.0 = Release|Any CPU
		{66A54CF3-6639-4093-84A1-3C4ED6079747}.Release|x64.ActiveCfg = Release|Any CPU
		{66A54CF3-6639-4093-84A1-3C4ED6079747}.Release|x64.Build.0 = Release|Any CPU
		{94767FC4-78F3-47D7-B895-2B30D306384B}.Debug|Any CPU.ActiveCfg = Debug|Any CPU
		{94767FC4-78F3-47D7-B895-2B30D306384B}.Debug|Any CPU.Build.0 = Debug|Any CPU
		{94767FC4-78F3-47D7-B895-2B30D306384B}.Debug|x64.ActiveCfg = Debug|Any CPU
		{94767FC4-78F3-47D7-B895-2B30D306384B}.Debug|x64.Build.0 = Debug|Any CPU
		{94767FC4-78F3-47D7-B895-2B30D306384B}.Release|Any CPU.ActiveCfg = Release|Any CPU
		{94767FC4-78F3-47D7-B895-2B30D306384B}.Release|Any CPU.Build.0 = Release|Any CPU
		{94767FC4-78F3-47D7-B895-2B30D306384B}.Release|x64.ActiveCfg = Release|Any CPU
		{94767FC4-78F3-47D7-B895-2B30D306384B}.Release|x64.Build.0 = Release|Any CPU
		{52044E72-2116-4579-B9D5-734A3C153F89}.Debug|Any CPU.ActiveCfg = Debug|Any CPU
		{52044E72-2116-4579-B9D5-734A3C153F89}.Debug|Any CPU.Build.0 = Debug|Any CPU
		{52044E72-2116-4579-B9D5-734A3C153F89}.Debug|Any CPU.Deploy.0 = Debug|Any CPU
		{52044E72-2116-4579-B9D5-734A3C153F89}.Debug|x64.ActiveCfg = Debug|x64
		{52044E72-2116-4579-B9D5-734A3C153F89}.Debug|x64.Build.0 = Debug|x64
		{52044E72-2116-4579-B9D5-734A3C153F89}.Debug|x64.Deploy.0 = Debug|x64
		{52044E72-2116-4579-B9D5-734A3C153F89}.Release|Any CPU.ActiveCfg = Release|Any CPU
		{52044E72-2116-4579-B9D5-734A3C153F89}.Release|Any CPU.Build.0 = Release|Any CPU
		{52044E72-2116-4579-B9D5-734A3C153F89}.Release|Any CPU.Deploy.0 = Release|Any CPU
		{52044E72-2116-4579-B9D5-734A3C153F89}.Release|x64.ActiveCfg = Release|x64
		{52044E72-2116-4579-B9D5-734A3C153F89}.Release|x64.Build.0 = Release|x64
		{52044E72-2116-4579-B9D5-734A3C153F89}.Release|x64.Deploy.0 = Release|x64
	EndGlobalSection
	GlobalSection(SolutionProperties) = preSolution
		HideSolutionNode = FALSE
	EndGlobalSection
	GlobalSection(ExtensibilityGlobals) = postSolution
		SolutionGuid = {20521C79-6605-46C7-9126-5FD8D58AEFA7}
	EndGlobalSection
EndGlobal
